{
  "nodes": {
    "nixpkgs": {
      "locked": {
        "lastModified": 1765444100,
        "narHash": "sha256-JSpasnX9W/ZjVNeGGGk/eH2lr3Y1vis04D7i4spB7qA=",
        "path": "/srv/nixpkgs",
        "type": "path"
      },
      "original": {
        "path": "/srv/nixpkgs",
        "type": "path"
      }
    },
    "root": {
      "inputs": {
        "nixpkgs": "nixpkgs"
      }
    }
  },
  "root": "root",
  "version": 7
}
